
Microsoft Visual Studio Solution File, Format Version 12.00
# Visual Studio 2013
VisualStudioVersion = 12.0.30110.0
MinimumVisualStudioVersion = 10.0.40219.1
Project("{2150E333-8FDC-42A3-9474-1A3956D46DE8}") = "BackEnd", "BackEnd", "{D25CA3B0-FDCA-4C32-B888-5D3B338365B7}"
EndProject
Project("{2150E333-8FDC-42A3-9474-1A3956D46DE8}") = "FrontEnd", "FrontEnd", "{9E10783C-47D4-4013-B26C-69FBB2DA890A}"
EndProject
Project("{FAE04EC0-301F-11D3-BF4B-00C04F79EFBC}") = "Dal", "BackEnd\Dal\Dal.csproj", "{49732961-FCD7-4E00-8F93-1A1AAED298E2}"
EndProject
Project("{FAE04EC0-301F-11D3-BF4B-00C04F79EFBC}") = "Models", "BackEnd\Models\Models.csproj", "{CC16CC0B-CC6C-4211-960E-CFF030A27807}"
EndProject
Project("{FAE04EC0-301F-11D3-BF4B-00C04F79EFBC}") = "Repository", "BackEnd\Repository\Repository.csproj", "{8D593B58-5AE7-46E5-BC48-F34AD63C0492}"
EndProject
Project("{FAE04EC0-301F-11D3-BF4B-00C04F79EFBC}") = "UnityFramework", "BackEnd\UnityFramework\UnityFramework.csproj", "{F04E954A-6299-4462-82EC-D9064334B017}"
EndProject
Project("{FAE04EC0-301F-11D3-BF4B-00C04F79EFBC}") = "Controllers", "BackEnd\Controllers\Controllers.csproj", "{562DCE2E-6A8F-4ABD-AE5F-DA5679FCA362}"
EndProject
Project("{FAE04EC0-301F-11D3-BF4B-00C04F79EFBC}") = "ScT LanSuite", "FrontEnd\ScT LanSuite\ScT LanSuite.csproj", "{AEB98C36-71DD-4AEF-A357-A5E74A68E038}"
EndProject
Project("{FAE04EC0-301F-11D3-BF4B-00C04F79EFBC}") = "ViewModels", "ViewModels\ViewModels.csproj", "{B9456A69-FCD8-474F-AE02-E39C8A4150C4}"
EndProject
Project("{FAE04EC0-301F-11D3-BF4B-00C04F79EFBC}") = "ChatJs.Net", "BackEnd\ChatJs.Net\ChatJs.Net.csproj", "{6FDCDBD5-F02C-40DE-B6AA-B00C5E473B5B}"
EndProject
Project("{FAE04EC0-301F-11D3-BF4B-00C04F79EFBC}") = "Resources", "BackEnd\Resources\Resources.csproj", "{030194BA-EDFA-4FCE-9E29-8B77F380A9C1}"
EndProject
Global
	GlobalSection(SolutionConfigurationPlatforms) = preSolution
		Debug|Any CPU = Debug|Any CPU
		Release|Any CPU = Release|Any CPU
	EndGlobalSection
	GlobalSection(ProjectConfigurationPlatforms) = postSolution
		{49732961-FCD7-4E00-8F93-1A1AAED298E2}.Debug|Any CPU.ActiveCfg = Debug|Any CPU
		{49732961-FCD7-4E00-8F93-1A1AAED298E2}.Debug|Any CPU.Build.0 = Debug|Any CPU
		{49732961-FCD7-4E00-8F93-1A1AAED298E2}.Release|Any CPU.ActiveCfg = Release|Any CPU
		{49732961-FCD7-4E00-8F93-1A1AAED298E2}.Release|Any CPU.Build.0 = Release|Any CPU
		{CC16CC0B-CC6C-4211-960E-CFF030A27807}.Debug|Any CPU.ActiveCfg = Debug|Any CPU
		{CC16CC0B-CC6C-4211-960E-CFF030A27807}.Debug|Any CPU.Build.0 = Debug|Any CPU
		{CC16CC0B-CC6C-4211-960E-CFF030A27807}.Release|Any CPU.ActiveCfg = Release|Any CPU
		{CC16CC0B-CC6C-4211-960E-CFF030A27807}.Release|Any CPU.Build.0 = Release|Any CPU
		{8D593B58-5AE7-46E5-BC48-F34AD63C0492}.Debug|Any CPU.ActiveCfg = Debug|Any CPU
		{8D593B58-5AE7-46E5-BC48-F34AD63C0492}.Debug|Any CPU.Build.0 = Debug|Any CPU
		{8D593B58-5AE7-46E5-BC48-F34AD63C0492}.Release|Any CPU.ActiveCfg = Release|Any CPU
		{8D593B58-5AE7-46E5-BC48-F34AD63C0492}.Release|Any CPU.Build.0 = Release|Any CPU
		{F04E954A-6299-4462-82EC-D9064334B017}.Debug|Any CPU.ActiveCfg = Debug|Any CPU
		{F04E954A-6299-4462-82EC-D9064334B017}.Debug|Any CPU.Build.0 = Debug|Any CPU
		{F04E954A-6299-4462-82EC-D9064334B017}.Release|Any CPU.ActiveCfg = Release|Any CPU
		{F04E954A-6299-4462-82EC-D9064334B017}.Release|Any CPU.Build.0 = Release|Any CPU
		{562DCE2E-6A8F-4ABD-AE5F-DA5679FCA362}.Debug|Any CPU.ActiveCfg = Debug|Any CPU
		{562DCE2E-6A8F-4ABD-AE5F-DA5679FCA362}.Debug|Any CPU.Build.0 = Debug|Any CPU
		{562DCE2E-6A8F-4ABD-AE5F-DA5679FCA362}.Release|Any CPU.ActiveCfg = Release|Any CPU
		{562DCE2E-6A8F-4ABD-AE5F-DA5679FCA362}.Release|Any CPU.Build.0 = Release|Any CPU
		{AEB98C36-71DD-4AEF-A357-A5E74A68E038}.Debug|Any CPU.ActiveCfg = Debug|Any CPU
		{AEB98C36-71DD-4AEF-A357-A5E74A68E038}.Debug|Any CPU.Build.0 = Debug|Any CPU
		{AEB98C36-71DD-4AEF-A357-A5E74A68E038}.Release|Any CPU.ActiveCfg = Release|Any CPU
		{AEB98C36-71DD-4AEF-A357-A5E74A68E038}.Release|Any CPU.Build.0 = Release|Any CPU
		{B9456A69-FCD8-474F-AE02-E39C8A4150C4}.Debug|Any CPU.ActiveCfg = Debug|Any CPU
		{B9456A69-FCD8-474F-AE02-E39C8A4150C4}.Debug|Any CPU.Build.0 = Debug|Any CPU
		{B9456A69-FCD8-474F-AE02-E39C8A4150C4}.Release|Any CPU.ActiveCfg = Release|Any CPU
		{B9456A69-FCD8-474F-AE02-E39C8A4150C4}.Release|Any CPU.Build.0 = Release|Any CPU
		{6FDCDBD5-F02C-40DE-B6AA-B00C5E473B5B}.Debug|Any CPU.ActiveCfg = Debug|Any CPU
		{6FDCDBD5-F02C-40DE-B6AA-B00C5E473B5B}.Debug|Any CPU.Build.0 = Debug|Any CPU
		{6FDCDBD5-F02C-40DE-B6AA-B00C5E473B5B}.Release|Any CPU.ActiveCfg = Release|Any CPU
		{6FDCDBD5-F02C-40DE-B6AA-B00C5E473B5B}.Release|Any CPU.Build.0 = Release|Any CPU
		{030194BA-EDFA-4FCE-9E29-8B77F380A9C1}.Debug|Any CPU.ActiveCfg = Debug|Any CPU
		{030194BA-EDFA-4FCE-9E29-8B77F380A9C1}.Debug|Any CPU.Build.0 = Debug|Any CPU
		{030194BA-EDFA-4FCE-9E29-8B77F380A9C1}.Release|Any CPU.ActiveCfg = Release|Any CPU
		{030194BA-EDFA-4FCE-9E29-8B77F380A9C1}.Release|Any CPU.Build.0 = Release|Any CPU
	EndGlobalSection
	GlobalSection(SolutionProperties) = preSolution
		HideSolutionNode = FALSE
	EndGlobalSection
	GlobalSection(NestedProjects) = preSolution
		{49732961-FCD7-4E00-8F93-1A1AAED298E2} = {D25CA3B0-FDCA-4C32-B888-5D3B338365B7}
		{CC16CC0B-CC6C-4211-960E-CFF030A27807} = {D25CA3B0-FDCA-4C32-B888-5D3B338365B7}
		{8D593B58-5AE7-46E5-BC48-F34AD63C0492} = {D25CA3B0-FDCA-4C32-B888-5D3B338365B7}
		{F04E954A-6299-4462-82EC-D9064334B017} = {D25CA3B0-FDCA-4C32-B888-5D3B338365B7}
		{562DCE2E-6A8F-4ABD-AE5F-DA5679FCA362} = {D25CA3B0-FDCA-4C32-B888-5D3B338365B7}
		{B9456A69-FCD8-474F-AE02-E39C8A4150C4} = {D25CA3B0-FDCA-4C32-B888-5D3B338365B7}
		{6FDCDBD5-F02C-40DE-B6AA-B00C5E473B5B} = {D25CA3B0-FDCA-4C32-B888-5D3B338365B7}
		{030194BA-EDFA-4FCE-9E29-8B77F380A9C1} = {D25CA3B0-FDCA-4C32-B888-5D3B338365B7}
		{AEB98C36-71DD-4AEF-A357-A5E74A68E038} = {9E10783C-47D4-4013-B26C-69FBB2DA890A}
	EndGlobalSection
EndGlobal
